// !$*UTF8*$!
{
	archiveVersion = 1;
	classes = {
	};
	objectVersion = 51;
	objects = {

/* Begin PBXBuildFile section */
		1E5065EA0B099236D328A8D2 /* Pods_SweetApple.framework in Frameworks */ = {isa = PBXBuildFile; fileRef = 38AC0C3ACCA306D4E9760C31 /* Pods_SweetApple.framework */; };
		5CB81812D2A0BF880DA1BB44 /* Pods_SweetAppleTests.framework in Frameworks */ = {isa = PBXBuildFile; fileRef = DF26520BAF77656BB9A895FA /* Pods_SweetAppleTests.framework */; };
		E1322F5824D565C30003FDF1 /* AppDelegate.m in Sources */ = {isa = PBXBuildFile; fileRef = E1322F5724D565C30003FDF1 /* AppDelegate.m */; };
		E1322F5B24D565C30003FDF1 /* SceneDelegate.m in Sources */ = {isa = PBXBuildFile; fileRef = E1322F5A24D565C30003FDF1 /* SceneDelegate.m */; };
		E1322F5E24D565C30003FDF1 /* ViewController.m in Sources */ = {isa = PBXBuildFile; fileRef = E1322F5D24D565C30003FDF1 /* ViewController.m */; };
		E1322F6124D565C30003FDF1 /* Main.storyboard in Resources */ = {isa = PBXBuildFile; fileRef = E1322F5F24D565C30003FDF1 /* Main.storyboard */; };
		E1322F6324D565C40003FDF1 /* Assets.xcassets in Resources */ = {isa = PBXBuildFile; fileRef = E1322F6224D565C40003FDF1 /* Assets.xcassets */; };
		E1322F6624D565C40003FDF1 /* LaunchScreen.storyboard in Resources */ = {isa = PBXBuildFile; fileRef = E1322F6424D565C40003FDF1 /* LaunchScreen.storyboard */; };
		E1322F6924D565C40003FDF1 /* main.m in Sources */ = {isa = PBXBuildFile; fileRef = E1322F6824D565C40003FDF1 /* main.m */; };
		E1322F7324D565C40003FDF1 /* SweetAppleTests.m in Sources */ = {isa = PBXBuildFile; fileRef = E1322F7224D565C40003FDF1 /* SweetAppleTests.m */; };
		E1322F7E24D565C40003FDF1 /* SweetAppleUITests.m in Sources */ = {isa = PBXBuildFile; fileRef = E1322F7D24D565C40003FDF1 /* SweetAppleUITests.m */; };
		E1EEC3ED24D69B9100155A0D /* PictureViewController.m in Sources */ = {isa = PBXBuildFile; fileRef = E1EEC3EB24D69B9100155A0D /* PictureViewController.m */; };
		E1EEC3EE24D69B9100155A0D /* PictureViewController.xib in Resources */ = {isa = PBXBuildFile; fileRef = E1EEC3EC24D69B9100155A0D /* PictureViewController.xib */; };
		F1BC5B7D42E9BF2A26C9E152 /* Pods_SweetApple_SweetAppleUITests.framework in Frameworks */ = {isa = PBXBuildFile; fileRef = 776AE3E3D1E763E99BD1F764 /* Pods_SweetApple_SweetAppleUITests.framework */; };
/* End PBXBuildFile section */

/* Begin PBXContainerItemProxy section */
		E1322F6F24D565C40003FDF1 /* PBXContainerItemProxy */ = {
			isa = PBXContainerItemProxy;
			containerPortal = E1322F4B24D565C30003FDF1 /* Project object */;
			proxyType = 1;
			remoteGlobalIDString = E1322F5224D565C30003FDF1;
			remoteInfo = SweetApple;
		};
		E1322F7A24D565C40003FDF1 /* PBXContainerItemProxy */ = {
			isa = PBXContainerItemProxy;
			containerPortal = E1322F4B24D565C30003FDF1 /* Project object */;
			proxyType = 1;
			remoteGlobalIDString = E1322F5224D565C30003FDF1;
			remoteInfo = SweetApple;
		};
/* End PBXContainerItemProxy section */

/* Begin PBXFileReference section */
		02DBB5EAEFF72E2ED531BCA3 /* Pods-SweetApple.release.xcconfig */ = {isa = PBXFileReference; includeInIndex = 1; lastKnownFileType = text.xcconfig; name = "Pods-SweetApple.release.xcconfig"; path = "Target Support Files/Pods-SweetApple/Pods-SweetApple.release.xcconfig"; sourceTree = "<group>"; };
		38AC0C3ACCA306D4E9760C31 /* Pods_SweetApple.framework */ = {isa = PBXFileReference; explicitFileType = wrapper.framework; includeInIndex = 0; path = Pods_SweetApple.framework; sourceTree = BUILT_PRODUCTS_DIR; };
		776AE3E3D1E763E99BD1F764 /* Pods_SweetApple_SweetAppleUITests.framework */ = {isa = PBXFileReference; explicitFileType = wrapper.framework; includeInIndex = 0; path = Pods_SweetApple_SweetAppleUITests.framework; sourceTree = BUILT_PRODUCTS_DIR; };
		80D8FC1DEC737C1DFE329890 /* Pods-SweetApple-SweetAppleUITests.release.xcconfig */ = {isa = PBXFileReference; includeInIndex = 1; lastKnownFileType = text.xcconfig; name = "Pods-SweetApple-SweetAppleUITests.release.xcconfig"; path = "Target Support Files/Pods-SweetApple-SweetAppleUITests/Pods-SweetApple-SweetAppleUITests.release.xcconfig"; sourceTree = "<group>"; };
		83F4A04B5BBCF9824372D3E0 /* Pods-SweetApple-SweetAppleUITests.debug.xcconfig */ = {isa = PBXFileReference; includeInIndex = 1; lastKnownFileType = text.xcconfig; name = "Pods-SweetApple-SweetAppleUITests.debug.xcconfig"; path = "Target Support Files/Pods-SweetApple-SweetAppleUITests/Pods-SweetApple-SweetAppleUITests.debug.xcconfig"; sourceTree = "<group>"; };
		985562AF66CF505779036E1E /* Pods-SweetAppleTests.release.xcconfig */ = {isa = PBXFileReference; includeInIndex = 1; lastKnownFileType = text.xcconfig; name = "Pods-SweetAppleTests.release.xcconfig"; path = "Target Support Files/Pods-SweetAppleTests/Pods-SweetAppleTests.release.xcconfig"; sourceTree = "<group>"; };
		AB133B9E2B8661591C1E6108 /* Pods-SweetApple.debug.xcconfig */ = {isa = PBXFileReference; includeInIndex = 1; lastKnownFileType = text.xcconfig; name = "Pods-SweetApple.debug.xcconfig"; path = "Target Support Files/Pods-SweetApple/Pods-SweetApple.debug.xcconfig"; sourceTree = "<group>"; };
		C63F6AE228D320831A0B9A72 /* Pods-SweetAppleTests.debug.xcconfig */ = {isa = PBXFileReference; includeInIndex = 1; lastKnownFileType = text.xcconfig; name = "Pods-SweetAppleTests.debug.xcconfig"; path = "Target Support Files/Pods-SweetAppleTests/Pods-SweetAppleTests.debug.xcconfig"; sourceTree = "<group>"; };
		DF26520BAF77656BB9A895FA /* Pods_SweetAppleTests.framework */ = {isa = PBXFileReference; explicitFileType = wrapper.framework; includeInIndex = 0; path = Pods_SweetAppleTests.framework; sourceTree = BUILT_PRODUCTS_DIR; };
		E1322F5324D565C30003FDF1 /* SweetApple.app */ = {isa = PBXFileReference; explicitFileType = wrapper.application; includeInIndex = 0; path = SweetApple.app; sourceTree = BUILT_PRODUCTS_DIR; };
		E1322F5624D565C30003FDF1 /* AppDelegate.h */ = {isa = PBXFileReference; lastKnownFileType = sourcecode.c.h; path = AppDelegate.h; sourceTree = "<group>"; };
		E1322F5724D565C30003FDF1 /* AppDelegate.m */ = {isa = PBXFileReference; lastKnownFileType = sourcecode.c.objc; path = AppDelegate.m; sourceTree = "<group>"; };
		E1322F5924D565C30003FDF1 /* SceneDelegate.h */ = {isa = PBXFileReference; lastKnownFileType = sourcecode.c.h; path = SceneDelegate.h; sourceTree = "<group>"; };
		E1322F5A24D565C30003FDF1 /* SceneDelegate.m */ = {isa = PBXFileReference; lastKnownFileType = sourcecode.c.objc; path = SceneDelegate.m; sourceTree = "<group>"; };
		E1322F5C24D565C30003FDF1 /* ViewController.h */ = {isa = PBXFileReference; lastKnownFileType = sourcecode.c.h; path = ViewController.h; sourceTree = "<group>"; };
		E1322F5D24D565C30003FDF1 /* ViewController.m */ = {isa = PBXFileReference; lastKnownFileType = sourcecode.c.objc; path = ViewController.m; sourceTree = "<group>"; };
		E1322F6024D565C30003FDF1 /* Base */ = {isa = PBXFileReference; lastKnownFileType = file.storyboard; name = Base; path = Base.lproj/Main.storyboard; sourceTree = "<group>"; };
		E1322F6224D565C40003FDF1 /* Assets.xcassets */ = {isa = PBXFileReference; lastKnownFileType = folder.assetcatalog; path = Assets.xcassets; sourceTree = "<group>"; };
		E1322F6524D565C40003FDF1 /* Base */ = {isa = PBXFileReference; lastKnownFileType = file.storyboard; name = Base; path = Base.lproj/LaunchScreen.storyboard; sourceTree = "<group>"; };
		E1322F6724D565C40003FDF1 /* Info.plist */ = {isa = PBXFileReference; lastKnownFileType = text.plist.xml; path = Info.plist; sourceTree = "<group>"; };
		E1322F6824D565C40003FDF1 /* main.m */ = {isa = PBXFileReference; lastKnownFileType = sourcecode.c.objc; path = main.m; sourceTree = "<group>"; };
		E1322F6E24D565C40003FDF1 /* SweetAppleTests.xctest */ = {isa = PBXFileReference; explicitFileType = wrapper.cfbundle; includeInIndex = 0; path = SweetAppleTests.xctest; sourceTree = BUILT_PRODUCTS_DIR; };
		E1322F7224D565C40003FDF1 /* SweetAppleTests.m */ = {isa = PBXFileReference; lastKnownFileType = sourcecode.c.objc; path = SweetAppleTests.m; sourceTree = "<group>"; };
		E1322F7424D565C40003FDF1 /* Info.plist */ = {isa = PBXFileReference; lastKnownFileType = text.plist.xml; path = Info.plist; sourceTree = "<group>"; };
		E1322F7924D565C40003FDF1 /* SweetAppleUITests.xctest */ = {isa = PBXFileReference; explicitFileType = wrapper.cfbundle; includeInIndex = 0; path = SweetAppleUITests.xctest; sourceTree = BUILT_PRODUCTS_DIR; };
		E1322F7D24D565C40003FDF1 /* SweetAppleUITests.m */ = {isa = PBXFileReference; lastKnownFileType = sourcecode.c.objc; path = SweetAppleUITests.m; sourceTree = "<group>"; };
		E1322F7F24D565C40003FDF1 /* Info.plist */ = {isa = PBXFileReference; lastKnownFileType = text.plist.xml; path = Info.plist; sourceTree = "<group>"; };
		E1EEC3EA24D69B9100155A0D /* PictureViewController.h */ = {isa = PBXFileReference; lastKnownFileType = sourcecode.c.h; path = PictureViewController.h; sourceTree = "<group>"; };
		E1EEC3EB24D69B9100155A0D /* PictureViewController.m */ = {isa = PBXFileReference; lastKnownFileType = sourcecode.c.objc; path = PictureViewController.m; sourceTree = "<group>"; };
		E1EEC3EC24D69B9100155A0D /* PictureViewController.xib */ = {isa = PBXFileReference; lastKnownFileType = file.xib; path = PictureViewController.xib; sourceTree = "<group>"; };
/* End PBXFileReference section */

/* Begin PBXFrameworksBuildPhase section */
		E1322F5024D565C30003FDF1 /* Frameworks */ = {
			isa = PBXFrameworksBuildPhase;
			buildActionMask = 2147483647;
			files = (
				1E5065EA0B099236D328A8D2 /* Pods_SweetApple.framework in Frameworks */,
			);
			runOnlyForDeploymentPostprocessing = 0;
		};
		E1322F6B24D565C40003FDF1 /* Frameworks */ = {
			isa = PBXFrameworksBuildPhase;
			buildActionMask = 2147483647;
			files = (
				5CB81812D2A0BF880DA1BB44 /* Pods_SweetAppleTests.framework in Frameworks */,
			);
			runOnlyForDeploymentPostprocessing = 0;
		};
		E1322F7624D565C40003FDF1 /* Frameworks */ = {
			isa = PBXFrameworksBuildPhase;
			buildActionMask = 2147483647;
			files = (
				F1BC5B7D42E9BF2A26C9E152 /* Pods_SweetApple_SweetAppleUITests.framework in Frameworks */,
			);
			runOnlyForDeploymentPostprocessing = 0;
		};
/* End PBXFrameworksBuildPhase section */

/* Begin PBXGroup section */
		759DAFCFAD5D3788A65DAA35 /* Frameworks */ = {
			isa = PBXGroup;
			children = (
				38AC0C3ACCA306D4E9760C31 /* Pods_SweetApple.framework */,
				776AE3E3D1E763E99BD1F764 /* Pods_SweetApple_SweetAppleUITests.framework */,
				DF26520BAF77656BB9A895FA /* Pods_SweetAppleTests.framework */,
			);
			name = Frameworks;
			sourceTree = "<group>";
		};
		C59DF0AA808BC18A2906DA26 /* Pods */ = {
			isa = PBXGroup;
			children = (
				AB133B9E2B8661591C1E6108 /* Pods-SweetApple.debug.xcconfig */,
				02DBB5EAEFF72E2ED531BCA3 /* Pods-SweetApple.release.xcconfig */,
				83F4A04B5BBCF9824372D3E0 /* Pods-SweetApple-SweetAppleUITests.debug.xcconfig */,
				80D8FC1DEC737C1DFE329890 /* Pods-SweetApple-SweetAppleUITests.release.xcconfig */,
				C63F6AE228D320831A0B9A72 /* Pods-SweetAppleTests.debug.xcconfig */,
				985562AF66CF505779036E1E /* Pods-SweetAppleTests.release.xcconfig */,
			);
			path = Pods;
			sourceTree = "<group>";
		};
		E1322F4A24D565C30003FDF1 = {
			isa = PBXGroup;
			children = (
				E1322F5524D565C30003FDF1 /* SweetApple */,
				E1322F7124D565C40003FDF1 /* SweetAppleTests */,
				E1322F7C24D565C40003FDF1 /* SweetAppleUITests */,
				E1322F5424D565C30003FDF1 /* Products */,
				C59DF0AA808BC18A2906DA26 /* Pods */,
				759DAFCFAD5D3788A65DAA35 /* Frameworks */,
			);
			sourceTree = "<group>";
		};
		E1322F5424D565C30003FDF1 /* Products */ = {
			isa = PBXGroup;
			children = (
				E1322F5324D565C30003FDF1 /* SweetApple.app */,
				E1322F6E24D565C40003FDF1 /* SweetAppleTests.xctest */,
				E1322F7924D565C40003FDF1 /* SweetAppleUITests.xctest */,
			);
			name = Products;
			sourceTree = "<group>";
		};
		E1322F5524D565C30003FDF1 /* SweetApple */ = {
			isa = PBXGroup;
			children = (
				E1EEC3EA24D69B9100155A0D /* PictureViewController.h */,
				E1EEC3EB24D69B9100155A0D /* PictureViewController.m */,
				E1EEC3EC24D69B9100155A0D /* PictureViewController.xib */,
				E1322F5624D565C30003FDF1 /* AppDelegate.h */,
				E1322F5724D565C30003FDF1 /* AppDelegate.m */,
				E1322F5924D565C30003FDF1 /* SceneDelegate.h */,
				E1322F5A24D565C30003FDF1 /* SceneDelegate.m */,
				E1322F5C24D565C30003FDF1 /* ViewController.h */,
				E1322F5D24D565C30003FDF1 /* ViewController.m */,
				E1322F5F24D565C30003FDF1 /* Main.storyboard */,
				E1322F6224D565C40003FDF1 /* Assets.xcassets */,
				E1322F6424D565C40003FDF1 /* LaunchScreen.storyboard */,
				E1322F6724D565C40003FDF1 /* Info.plist */,
				E1322F6824D565C40003FDF1 /* main.m */,
			);
			path = SweetApple;
			sourceTree = "<group>";
		};
		E1322F7124D565C40003FDF1 /* SweetAppleTests */ = {
			isa = PBXGroup;
			children = (
				E1322F7224D565C40003FDF1 /* SweetAppleTests.m */,
				E1322F7424D565C40003FDF1 /* Info.plist */,
			);
			path = SweetAppleTests;
			sourceTree = "<group>";
		};
		E1322F7C24D565C40003FDF1 /* SweetAppleUITests */ = {
			isa = PBXGroup;
			children = (
				E1322F7D24D565C40003FDF1 /* SweetAppleUITests.m */,
				E1322F7F24D565C40003FDF1 /* Info.plist */,
			);
			path = SweetAppleUITests;
			sourceTree = "<group>";
		};
/* End PBXGroup section */

/* Begin PBXNativeTarget section */
		E1322F5224D565C30003FDF1 /* SweetApple */ = {
			isa = PBXNativeTarget;
			buildConfigurationList = E1322F8224D565C40003FDF1 /* Build configuration list for PBXNativeTarget "SweetApple" */;
			buildPhases = (
				B1F514F384BF20B72866E558 /* [CP] Check Pods Manifest.lock */,
				E1322F4F24D565C30003FDF1 /* Sources */,
				E1322F5024D565C30003FDF1 /* Frameworks */,
				E1322F5124D565C30003FDF1 /* Resources */,
				F0DAE48B9B1659ACFD1846A6 /* [CP] Embed Pods Frameworks */,
			);
			buildRules = (
			);
			dependencies = (
			);
			name = SweetApple;
			productName = SweetApple;
			productReference = E1322F5324D565C30003FDF1 /* SweetApple.app */;
			productType = "com.apple.product-type.application";
		};
		E1322F6D24D565C40003FDF1 /* SweetAppleTests */ = {
			isa = PBXNativeTarget;
			buildConfigurationList = E1322F8524D565C40003FDF1 /* Build configuration list for PBXNativeTarget "SweetAppleTests" */;
			buildPhases = (
				AB9CBC3ECF1FCB821A2085E3 /* [CP] Check Pods Manifest.lock */,
				E1322F6A24D565C40003FDF1 /* Sources */,
				E1322F6B24D565C40003FDF1 /* Frameworks */,
				E1322F6C24D565C40003FDF1 /* Resources */,
			);
			buildRules = (
			);
			dependencies = (
				E1322F7024D565C40003FDF1 /* PBXTargetDependency */,
			);
			name = SweetAppleTests;
			productName = SweetAppleTests;
			productReference = E1322F6E24D565C40003FDF1 /* SweetAppleTests.xctest */;
			productType = "com.apple.product-type.bundle.unit-test";
		};
		E1322F7824D565C40003FDF1 /* SweetAppleUITests */ = {
			isa = PBXNativeTarget;
			buildConfigurationList = E1322F8824D565C40003FDF1 /* Build configuration list for PBXNativeTarget "SweetAppleUITests" */;
			buildPhases = (
				9E33A42702ED1273E5029975 /* [CP] Check Pods Manifest.lock */,
				E1322F7524D565C40003FDF1 /* Sources */,
				E1322F7624D565C40003FDF1 /* Frameworks */,
				E1322F7724D565C40003FDF1 /* Resources */,
				2F5180EED3C398FFEA9C3454 /* [CP] Embed Pods Frameworks */,
			);
			buildRules = (
			);
			dependencies = (
				E1322F7B24D565C40003FDF1 /* PBXTargetDependency */,
			);
			name = SweetAppleUITests;
			productName = SweetAppleUITests;
			productReference = E1322F7924D565C40003FDF1 /* SweetAppleUITests.xctest */;
			productType = "com.apple.product-type.bundle.ui-testing";
		};
/* End PBXNativeTarget section */

/* Begin PBXProject section */
		E1322F4B24D565C30003FDF1 /* Project object */ = {
			isa = PBXProject;
			attributes = {
				LastUpgradeCheck = 1150;
				ORGANIZATIONNAME = yinze;
				TargetAttributes = {
					E1322F5224D565C30003FDF1 = {
						CreatedOnToolsVersion = 11.5;
					};
					E1322F6D24D565C40003FDF1 = {
						CreatedOnToolsVersion = 11.5;
						TestTargetID = E1322F5224D565C30003FDF1;
					};
					E1322F7824D565C40003FDF1 = {
						CreatedOnToolsVersion = 11.5;
						TestTargetID = E1322F5224D565C30003FDF1;
					};
				};
			};
			buildConfigurationList = E1322F4E24D565C30003FDF1 /* Build configuration list for PBXProject "SweetApple" */;
			compatibilityVersion = "Xcode 9.3";
			developmentRegion = en;
			hasScannedForEncodings = 0;
			knownRegions = (
				en,
				Base,
			);
			mainGroup = E1322F4A24D565C30003FDF1;
			productRefGroup = E1322F5424D565C30003FDF1 /* Products */;
			projectDirPath = "";
			projectRoot = "";
			targets = (
				E1322F5224D565C30003FDF1 /* SweetApple */,
				E1322F6D24D565C40003FDF1 /* SweetAppleTests */,
				E1322F7824D565C40003FDF1 /* SweetAppleUITests */,
			);
		};
/* End PBXProject section */

/* Begin PBXResourcesBuildPhase section */
		E1322F5124D565C30003FDF1 /* Resources */ = {
			isa = PBXResourcesBuildPhase;
			buildActionMask = 2147483647;
			files = (
				E1322F6624D565C40003FDF1 /* LaunchScreen.storyboard in Resources */,
				E1EEC3EE24D69B9100155A0D /* PictureViewController.xib in Resources */,
				E1322F6324D565C40003FDF1 /* Assets.xcassets in Resources */,
				E1322F6124D565C30003FDF1 /* Main.storyboard in Resources */,
			);
			runOnlyForDeploymentPostprocessing = 0;
		};
		E1322F6C24D565C40003FDF1 /* Resources */ = {
			isa = PBXResourcesBuildPhase;
			buildActionMask = 2147483647;
			files = (
			);
			runOnlyForDeploymentPostprocessing = 0;
		};
		E1322F7724D565C40003FDF1 /* Resources */ = {
			isa = PBXResourcesBuildPhase;
			buildActionMask = 2147483647;
			files = (
			);
			runOnlyForDeploymentPostprocessing = 0;
		};
/* End PBXResourcesBuildPhase section */

/* Begin PBXShellScriptBuildPhase section */
		2F5180EED3C398FFEA9C3454 /* [CP] Embed Pods Frameworks */ = {
			isa = PBXShellScriptBuildPhase;
			buildActionMask = 2147483647;
			files = (
			);
			inputFileListPaths = (
				"${PODS_ROOT}/Target Support Files/Pods-SweetApple-SweetAppleUITests/Pods-SweetApple-SweetAppleUITests-frameworks-${CONFIGURATION}-input-files.xcfilelist",
			);
			name = "[CP] Embed Pods Frameworks";
			outputFileListPaths = (
				"${PODS_ROOT}/Target Support Files/Pods-SweetApple-SweetAppleUITests/Pods-SweetApple-SweetAppleUITests-frameworks-${CONFIGURATION}-output-files.xcfilelist",
			);
			runOnlyForDeploymentPostprocessing = 0;
			shellPath = /bin/sh;
			shellScript = "\"${PODS_ROOT}/Target Support Files/Pods-SweetApple-SweetAppleUITests/Pods-SweetApple-SweetAppleUITests-frameworks.sh\"\n";
			showEnvVarsInLog = 0;
		};
		9E33A42702ED1273E5029975 /* [CP] Check Pods Manifest.lock */ = {
			isa = PBXShellScriptBuildPhase;
			buildActionMask = 2147483647;
			files = (
			);
			inputFileListPaths = (
			);
			inputPaths = (
				"${PODS_PODFILE_DIR_PATH}/Podfile.lock",
				"${PODS_ROOT}/Manifest.lock",
			);
			name = "[CP] Check Pods Manifest.lock";
			outputFileListPaths = (
			);
			outputPaths = (
				"$(DERIVED_FILE_DIR)/Pods-SweetApple-SweetAppleUITests-checkManifestLockResult.txt",
			);
			runOnlyForDeploymentPostprocessing = 0;
			shellPath = /bin/sh;
			shellScript = "diff \"${PODS_PODFILE_DIR_PATH}/Podfile.lock\" \"${PODS_ROOT}/Manifest.lock\" > /dev/null\nif [ $? != 0 ] ; then\n    # print error to STDERR\n    echo \"error: The sandbox is not in sync with the Podfile.lock. Run 'pod install' or update your CocoaPods installation.\" >&2\n    exit 1\nfi\n# This output is used by Xcode 'outputs' to avoid re-running this script phase.\necho \"SUCCESS\" > \"${SCRIPT_OUTPUT_FILE_0}\"\n";
			showEnvVarsInLog = 0;
		};
		AB9CBC3ECF1FCB821A2085E3 /* [CP] Check Pods Manifest.lock */ = {
			isa = PBXShellScriptBuildPhase;
			buildActionMask = 2147483647;
			files = (
			);
			inputFileListPaths = (
			);
			inputPaths = (
				"${PODS_PODFILE_DIR_PATH}/Podfile.lock",
				"${PODS_ROOT}/Manifest.lock",
			);
			name = "[CP] Check Pods Manifest.lock";
			outputFileListPaths = (
			);
			outputPaths = (
				"$(DERIVED_FILE_DIR)/Pods-SweetAppleTests-checkManifestLockResult.txt",
			);
			runOnlyForDeploymentPostprocessing = 0;
			shellPath = /bin/sh;
			shellScript = "diff \"${PODS_PODFILE_DIR_PATH}/Podfile.lock\" \"${PODS_ROOT}/Manifest.lock\" > /dev/null\nif [ $? != 0 ] ; then\n    # print error to STDERR\n    echo \"error: The sandbox is not in sync with the Podfile.lock. Run 'pod install' or update your CocoaPods installation.\" >&2\n    exit 1\nfi\n# This output is used by Xcode 'outputs' to avoid re-running this script phase.\necho \"SUCCESS\" > \"${SCRIPT_OUTPUT_FILE_0}\"\n";
			showEnvVarsInLog = 0;
		};
		B1F514F384BF20B72866E558 /* [CP] Check Pods Manifest.lock */ = {
			isa = PBXShellScriptBuildPhase;
			buildActionMask = 2147483647;
			files = (
			);
			inputFileListPaths = (
			);
			inputPaths = (
				"${PODS_PODFILE_DIR_PATH}/Podfile.lock",
				"${PODS_ROOT}/Manifest.lock",
			);
			name = "[CP] Check Pods Manifest.lock";
			outputFileListPaths = (
			);
			outputPaths = (
				"$(DERIVED_FILE_DIR)/Pods-SweetApple-checkManifestLockResult.txt",
			);
			runOnlyForDeploymentPostprocessing = 0;
			shellPath = /bin/sh;
			shellScript = "diff \"${PODS_PODFILE_DIR_PATH}/Podfile.lock\" \"${PODS_ROOT}/Manifest.lock\" > /dev/null\nif [ $? != 0 ] ; then\n    # print error to STDERR\n    echo \"error: The sandbox is not in sync with the Podfile.lock. Run 'pod install' or update your CocoaPods installation.\" >&2\n    exit 1\nfi\n# This output is used by Xcode 'outputs' to avoid re-running this script phase.\necho \"SUCCESS\" > \"${SCRIPT_OUTPUT_FILE_0}\"\n";
			showEnvVarsInLog = 0;
		};
		F0DAE48B9B1659ACFD1846A6 /* [CP] Embed Pods Frameworks */ = {
			isa = PBXShellScriptBuildPhase;
			buildActionMask = 2147483647;
			files = (
			);
			inputFileListPaths = (
				"${PODS_ROOT}/Target Support Files/Pods-SweetApple/Pods-SweetApple-frameworks-${CONFIGURATION}-input-files.xcfilelist",
			);
			name = "[CP] Embed Pods Frameworks";
			outputFileListPaths = (
				"${PODS_ROOT}/Target Support Files/Pods-SweetApple/Pods-SweetApple-frameworks-${CONFIGURATION}-output-files.xcfilelist",
			);
			runOnlyForDeploymentPostprocessing = 0;
			shellPath = /bin/sh;
			shellScript = "\"${PODS_ROOT}/Target Support Files/Pods-SweetApple/Pods-SweetApple-frameworks.sh\"\n";
			showEnvVarsInLog = 0;
		};
/* End PBXShellScriptBuildPhase section */

/* Begin PBXSourcesBuildPhase section */
		E1322F4F24D565C30003FDF1 /* Sources */ = {
			isa = PBXSourcesBuildPhase;
			buildActionMask = 2147483647;
			files = (
				E1322F5E24D565C30003FDF1 /* ViewController.m in Sources */,
				E1EEC3ED24D69B9100155A0D /* PictureViewController.m in Sources */,
				E1322F5824D565C30003FDF1 /* AppDelegate.m in Sources */,
				E1322F6924D565C40003FDF1 /* main.m in Sources */,
				E1322F5B24D565C30003FDF1 /* SceneDelegate.m in Sources */,
			);
			runOnlyForDeploymentPostprocessing = 0;
		};
		E1322F6A24D565C40003FDF1 /* Sources */ = {
			isa = PBXSourcesBuildPhase;
			buildActionMask = 2147483647;
			files = (
				E1322F7324D565C40003FDF1 /* SweetAppleTests.m in Sources */,
			);
			runOnlyForDeploymentPostprocessing = 0;
		};
		E1322F7524D565C40003FDF1 /* Sources */ = {
			isa = PBXSourcesBuildPhase;
			buildActionMask = 2147483647;
			files = (
				E1322F7E24D565C40003FDF1 /* SweetAppleUITests.m in Sources */,
			);
			runOnlyForDeploymentPostprocessing = 0;
		};
/* End PBXSourcesBuildPhase section */

/* Begin PBXTargetDependency section */
		E1322F7024D565C40003FDF1 /* PBXTargetDependency */ = {
			isa = PBXTargetDependency;
			target = E1322F5224D565C30003FDF1 /* SweetApple */;
			targetProxy = E1322F6F24D565C40003FDF1 /* PBXContainerItemProxy */;
		};
		E1322F7B24D565C40003FDF1 /* PBXTargetDependency */ = {
			isa = PBXTargetDependency;
			target = E1322F5224D565C30003FDF1 /* SweetApple */;
			targetProxy = E1322F7A24D565C40003FDF1 /* PBXContainerItemProxy */;
		};
/* End PBXTargetDependency section */

/* Begin PBXVariantGroup section */
		E1322F5F24D565C30003FDF1 /* Main.storyboard */ = {
			isa = PBXVariantGroup;
			children = (
				E1322F6024D565C30003FDF1 /* Base */,
			);
			name = Main.storyboard;
			sourceTree = "<group>";
		};
		E1322F6424D565C40003FDF1 /* LaunchScreen.storyboard */ = {
			isa = PBXVariantGroup;
			children = (
				E1322F6524D565C40003FDF1 /* Base */,
			);
			name = LaunchScreen.storyboard;
			sourceTree = "<group>";
		};
/* End PBXVariantGroup section */

/* Begin XCBuildConfiguration section */
		E1322F8024D565C40003FDF1 /* Debug */ = {
			isa = XCBuildConfiguration;
			buildSettings = {
				ALWAYS_SEARCH_USER_PATHS = NO;
				CLANG_ANALYZER_NONNULL = YES;
				CLANG_ANALYZER_NUMBER_OBJECT_CONVERSION = YES_AGGRESSIVE;
				CLANG_CXX_LANGUAGE_STANDARD = "gnu++14";
				CLANG_CXX_LIBRARY = "libc++";
				CLANG_ENABLE_MODULES = YES;
				CLANG_ENABLE_OBJC_ARC = YES;
				CLANG_ENABLE_OBJC_WEAK = YES;
				CLANG_WARN_BLOCK_CAPTURE_AUTORELEASING = YES;
				CLANG_WARN_BOOL_CONVERSION = YES;
				CLANG_WARN_COMMA = YES;
				CLANG_WARN_CONSTANT_CONVERSION = YES;
				CLANG_WARN_DEPRECATED_OBJC_IMPLEMENTATIONS = YES;
				CLANG_WARN_DIRECT_OBJC_ISA_USAGE = YES_ERROR;
				CLANG_WARN_DOCUMENTATION_COMMENTS = YES;
				CLANG_WARN_EMPTY_BODY = YES;
				CLANG_WARN_ENUM_CONVERSION = YES;
				CLANG_WARN_INFINITE_RECURSION = YES;
				CLANG_WARN_INT_CONVERSION = YES;
				CLANG_WARN_NON_LITERAL_NULL_CONVERSION = YES;
				CLANG_WARN_OBJC_IMPLICIT_RETAIN_SELF = YES;
				CLANG_WARN_OBJC_LITERAL_CONVERSION = YES;
				CLANG_WARN_OBJC_ROOT_CLASS = YES_ERROR;
				CLANG_WARN_RANGE_LOOP_ANALYSIS = YES;
				CLANG_WARN_STRICT_PROTOTYPES = YES;
				CLANG_WARN_SUSPICIOUS_MOVE = YES;
				CLANG_WARN_UNGUARDED_AVAILABILITY = YES_AGGRESSIVE;
				CLANG_WARN_UNREACHABLE_CODE = YES;
				CLANG_WARN__DUPLICATE_METHOD_MATCH = YES;
				COPY_PHASE_STRIP = NO;
				DEBUG_INFORMATION_FORMAT = dwarf;
				ENABLE_STRICT_OBJC_MSGSEND = YES;
				ENABLE_TESTABILITY = YES;
				GCC_C_LANGUAGE_STANDARD = gnu11;
				GCC_DYNAMIC_NO_PIC = NO;
				GCC_NO_COMMON_BLOCKS = YES;
				GCC_OPTIMIZATION_LEVEL = 0;
				GCC_PREPROCESSOR_DEFINITIONS = (
					"DEBUG=1",
					"$(inherited)",
				);
				GCC_WARN_64_TO_32_BIT_CONVERSION = YES;
				GCC_WARN_ABOUT_RETURN_TYPE = YES_ERROR;
				GCC_WARN_UNDECLARED_SELECTOR = YES;
				GCC_WARN_UNINITIALIZED_AUTOS = YES_AGGRESSIVE;
				GCC_WARN_UNUSED_FUNCTION = YES;
				GCC_WARN_UNUSED_VARIABLE = YES;
				IPHONEOS_DEPLOYMENT_TARGET = 13.5;
				MTL_ENABLE_DEBUG_INFO = INCLUDE_SOURCE;
				MTL_FAST_MATH = YES;
				ONLY_ACTIVE_ARCH = YES;
				SDKROOT = iphoneos;
			};
			name = Debug;
		};
		E1322F8124D565C40003FDF1 /* Release */ = {
			isa = XCBuildConfiguration;
			buildSettings = {
				ALWAYS_SEARCH_USER_PATHS = NO;
				CLANG_ANALYZER_NONNULL = YES;
				CLANG_ANALYZER_NUMBER_OBJECT_CONVERSION = YES_AGGRESSIVE;
				CLANG_CXX_LANGUAGE_STANDARD = "gnu++14";
				CLANG_CXX_LIBRARY = "libc++";
				CLANG_ENABLE_MODULES = YES;
				CLANG_ENABLE_OBJC_ARC = YES;
				CLANG_ENABLE_OBJC_WEAK = YES;
				CLANG_WARN_BLOCK_CAPTURE_AUTORELEASING = YES;
				CLANG_WARN_BOOL_CONVERSION = YES;
				CLANG_WARN_COMMA = YES;
				CLANG_WARN_CONSTANT_CONVERSION = YES;
				CLANG_WARN_DEPRECATED_OBJC_IMPLEMENTATIONS = YES;
				CLANG_WARN_DIRECT_OBJC_ISA_USAGE = YES_ERROR;
				CLANG_WARN_DOCUMENTATION_COMMENTS = YES;
				CLANG_WARN_EMPTY_BODY = YES;
				CLANG_WARN_ENUM_CONVERSION = YES;
				CLANG_WARN_INFINITE_RECURSION = YES;
				CLANG_WARN_INT_CONVERSION = YES;
				CLANG_WARN_NON_LITERAL_NULL_CONVERSION = YES;
				CLANG_WARN_OBJC_IMPLICIT_RETAIN_SELF = YES;
				CLANG_WARN_OBJC_LITERAL_CONVERSION = YES;
				CLANG_WARN_OBJC_ROOT_CLASS = YES_ERROR;
				CLANG_WARN_RANGE_LOOP_ANALYSIS = YES;
				CLANG_WARN_STRICT_PROTOTYPES = YES;
				CLANG_WARN_SUSPICIOUS_MOVE = YES;
				CLANG_WARN_UNGUARDED_AVAILABILITY = YES_AGGRESSIVE;
				CLANG_WARN_UNREACHABLE_CODE = YES;
				CLANG_WARN__DUPLICATE_METHOD_MATCH = YES;
				COPY_PHASE_STRIP = NO;
				DEBUG_INFORMATION_FORMAT = "dwarf-with-dsym";
				ENABLE_NS_ASSERTIONS = NO;
				ENABLE_STRICT_OBJC_MSGSEND = YES;
				GCC_C_LANGUAGE_STANDARD = gnu11;
				GCC_NO_COMMON_BLOCKS = YES;
				GCC_WARN_64_TO_32_BIT_CONVERSION = YES;
				GCC_WARN_ABOUT_RETURN_TYPE = YES_ERROR;
				GCC_WARN_UNDECLARED_SELECTOR = YES;
				GCC_WARN_UNINITIALIZED_AUTOS = YES_AGGRESSIVE;
				GCC_WARN_UNUSED_FUNCTION = YES;
				GCC_WARN_UNUSED_VARIABLE = YES;
				IPHONEOS_DEPLOYMENT_TARGET = 13.5;
				MTL_ENABLE_DEBUG_INFO = NO;
				MTL_FAST_MATH = YES;
				SDKROOT = iphoneos;
				VALIDATE_PRODUCT = YES;
			};
			name = Release;
		};
		E1322F8324D565C40003FDF1 /* Debug */ = {
			isa = XCBuildConfiguration;
			baseConfigurationReference = AB133B9E2B8661591C1E6108 /* Pods-SweetApple.debug.xcconfig */;
			buildSettings = {
				ASSETCATALOG_COMPILER_APPICON_NAME = AppIcon;
				CODE_SIGN_STYLE = Automatic;
				DEVELOPMENT_TEAM = 8FLTUY3H47;
				INFOPLIST_FILE = SweetApple/Info.plist;
				LD_RUNPATH_SEARCH_PATHS = (
					"$(inherited)",
					"@executable_path/Frameworks",
				);
				PRODUCT_BUNDLE_IDENTIFIER = origin.Demo;
				PRODUCT_NAME = "$(TARGET_NAME)";
				TARGETED_DEVICE_FAMILY = "1,2";
			};
			name = Debug;
		};
		E1322F8424D565C40003FDF1 /* Release */ = {
			isa = XCBuildConfiguration;
			baseConfigurationReference = 02DBB5EAEFF72E2ED531BCA3 /* Pods-SweetApple.release.xcconfig */;
			buildSettings = {
				ASSETCATALOG_COMPILER_APPICON_NAME = AppIcon;
				CODE_SIGN_STYLE = Automatic;
				DEVELOPMENT_TEAM = 8FLTUY3H47;
				INFOPLIST_FILE = SweetApple/Info.plist;
				LD_RUNPATH_SEARCH_PATHS = (
					"$(inherited)",
					"@executable_path/Frameworks",
				);
				PRODUCT_BUNDLE_IDENTIFIER = origin.Demo;
				PRODUCT_NAME = "$(TARGET_NAME)";
				TARGETED_DEVICE_FAMILY = "1,2";
			};
			name = Release;
		};
		E1322F8624D565C40003FDF1 /* Debug */ = {
			isa = XCBuildConfiguration;
			baseConfigurationReference = C63F6AE228D320831A0B9A72 /* Pods-SweetAppleTests.debug.xcconfig */;
			buildSettings = {
				BUNDLE_LOADER = "$(TEST_HOST)";
				CODE_SIGN_STYLE = Automatic;
				DEVELOPMENT_TEAM = 8FLTUY3H47;
				INFOPLIST_FILE = SweetAppleTests/Info.plist;
				IPHONEOS_DEPLOYMENT_TARGET = 13.5;
				LD_RUNPATH_SEARCH_PATHS = (
					"$(inherited)",
					"@executable_path/Frameworks",
					"@loader_path/Frameworks",
				);
				PRODUCT_BUNDLE_IDENTIFIER = origin.SweetAppleTests;
				PRODUCT_NAME = "$(TARGET_NAME)";
				TARGETED_DEVICE_FAMILY = "1,2";
				TEST_HOST = "$(BUILT_PRODUCTS_DIR)/SweetApple.app/SweetApple";
			};
			name = Debug;
		};
		E1322F8724D565C40003FDF1 /* Release */ = {
			isa = XCBuildConfiguration;
			baseConfigurationReference = 985562AF66CF505779036E1E /* Pods-SweetAppleTests.release.xcconfig */;
			buildSettings = {
				BUNDLE_LOADER = "$(TEST_HOST)";
				CODE_SIGN_STYLE = Automatic;
				DEVELOPMENT_TEAM = 8FLTUY3H47;
				INFOPLIST_FILE = SweetAppleTests/Info.plist;
				IPHONEOS_DEPLOYMENT_TARGET = 13.5;
				LD_RUNPATH_SEARCH_PATHS = (
					"$(inherited)",
					"@executable_path/Frameworks",
					"@loader_path/Frameworks",
				);
				PRODUCT_BUNDLE_IDENTIFIER = origin.SweetAppleTests;
				PRODUCT_NAME = "$(TARGET_NAME)";
				TARGETED_DEVICE_FAMILY = "1,2";
				TEST_HOST = "$(BUILT_PRODUCTS_DIR)/SweetApple.app/SweetApple";
			};
			name = Release;
		};
		E1322F8924D565C40003FDF1 /* Debug */ = {
			isa = XCBuildConfiguration;
			baseConfigurationReference = 83F4A04B5BBCF9824372D3E0 /* Pods-SweetApple-SweetAppleUITests.debug.xcconfig */;
			buildSettings = {
				CODE_SIGN_STYLE = Automatic;
				DEVELOPMENT_TEAM = 8FLTUY3H47;
				INFOPLIST_FILE = SweetAppleUITests/Info.plist;
				LD_RUNPATH_SEARCH_PATHS = (
					"$(inherited)",
					"@executable_path/Frameworks",
					"@loader_path/Frameworks",
				);
				PRODUCT_BUNDLE_IDENTIFIER = origin.SweetAppleUITests;
				PRODUCT_NAME = "$(TARGET_NAME)";
				TARGETED_DEVICE_FAMILY = "1,2";
				TEST_TARGET_NAME = SweetApple;
			};
			name = Debug;
		};
		E1322F8A24D565C40003FDF1 /* Release */ = {
			isa = XCBuildConfiguration;
			baseConfigurationReference = 80D8FC1DEC737C1DFE329890 /* Pods-SweetApple-SweetAppleUITests.release.xcconfig */;
			buildSettings = {
				CODE_SIGN_STYLE = Automatic;
				DEVELOPMENT_TEAM = 8FLTUY3H47;
				INFOPLIST_FILE = SweetAppleUITests/Info.plist;
				LD_RUNPATH_SEARCH_PATHS = (
					"$(inherited)",
					"@executable_path/Frameworks",
					"@loader_path/Frameworks",
				);
				PRODUCT_BUNDLE_IDENTIFIER = origin.SweetAppleUITests;
				PRODUCT_NAME = "$(TARGET_NAME)";
				TARGETED_DEVICE_FAMILY = "1,2";
				TEST_TARGET_NAME = SweetApple;
			};
			name = Release;
		};
/* End XCBuildConfiguration section */

/* Begin XCConfigurationList section */
		E1322F4E24D565C30003FDF1 /* Build configuration list for PBXProject "SweetApple" */ = {
			isa = XCConfigurationList;
			buildConfigurations = (
				E1322F8024D565C40003FDF1 /* Debug */,
				E1322F8124D565C40003FDF1 /* Release */,
			);
			defaultConfigurationIsVisible = 0;
			defaultConfigurationName = Release;
		};
		E1322F8224D565C40003FDF1 /* Build configuration list for PBXNativeTarget "SweetApple" */ = {
			isa = XCConfigurationList;
			buildConfigurations = (
				E1322F8324D565C40003FDF1 /* Debug */,
				E1322F8424D565C40003FDF1 /* Release */,
			);
			defaultConfigurationIsVisible = 0;
			defaultConfigurationName = Release;
		};
		E1322F8524D565C40003FDF1 /* Build configuration list for PBXNativeTarget "SweetAppleTests" */ = {
			isa = XCConfigurationList;
			buildConfigurations = (
				E1322F8624D565C40003FDF1 /* Debug */,
				E1322F8724D565C40003FDF1 /* Release */,
			);
			defaultConfigurationIsVisible = 0;
			defaultConfigurationName = Release;
		};
		E1322F8824D565C40003FDF1 /* Build configuration list for PBXNativeTarget "SweetAppleUITests" */ = {
			isa = XCConfigurationList;
			buildConfigurations = (
				E1322F8924D565C40003FDF1 /* Debug */,
				E1322F8A24D565C40003FDF1 /* Release */,
			);
			defaultConfigurationIsVisible = 0;
			defaultConfigurationName = Release;
		};
/* End XCConfigurationList section */
	};
	rootObject = E1322F4B24D565C30003FDF1 /* Project object */;
}
